// !$*UTF8*$!
{
	archiveVersion = 1;
	classes = {
	};
	objectVersion = 42;
	objects = {

/* Begin PBXAggregateTarget section */
		D29097CB0CEBB17D00C91913 /* All */ = {
			isa = PBXAggregateTarget;
			buildConfigurationList = D29097F90CEBB1CF00C91913 /* Build configuration list for PBXAggregateTarget "All" */;
			buildPhases = (
			);
			dependencies = (
				D2CAB8B30D0DF30700BE9CEA /* PBXTargetDependency */,
				D29097CF0CEBB18500C91913 /* PBXTargetDependency */,
			);
			name = All;
			productName = All;
		};
/* End PBXAggregateTarget section */

/* Begin PBXBuildFile section */
		D235A4E60CECFC8C007A748A /* SyncServices.framework in Frameworks */ = {isa = PBXBuildFile; fileRef = D235A4E50CECFC8C007A748A /* SyncServices.framework */; };
		D235A59C0CED1550007A748A /* Security.framework in Frameworks */ = {isa = PBXBuildFile; fileRef = D235A59A0CED1550007A748A /* Security.framework */; };
		D235A59D0CED1550007A748A /* SecurityInterface.framework in Frameworks */ = {isa = PBXBuildFile; fileRef = D235A59B0CED1550007A748A /* SecurityInterface.framework */; };
		D2908E0F0CEBA90400C91913 /* serverMain.mm in Sources */ = {isa = PBXBuildFile; fileRef = D2908DF10CEBA6F100C91913 /* serverMain.mm */; };
		D2908E120CEBA90B00C91913 /* stdsoap2.cpp in Sources */ = {isa = PBXBuildFile; fileRef = D2908DEF0CEBA6F100C91913 /* stdsoap2.cpp */; };
		D2908E480CEBAD1300C91913 /* ZimbraQA.h in Sources */ = {isa = PBXBuildFile; fileRef = D2908DF20CEBA6F100C91913 /* ZimbraQA.h */; };
		D29093560CEBAFD300C91913 /* AddressBook.framework in Frameworks */ = {isa = PBXBuildFile; fileRef = D29093530CEBAFD300C91913 /* AddressBook.framework */; };
		D29093570CEBAFD300C91913 /* AppKit.framework in Frameworks */ = {isa = PBXBuildFile; fileRef = D29093540CEBAFD300C91913 /* AppKit.framework */; };
		D29093580CEBAFD300C91913 /* Foundation.framework in Frameworks */ = {isa = PBXBuildFile; fileRef = D29093550CEBAFD300C91913 /* Foundation.framework */; };
		D29097B30CEBB01A00C91913 /* Cocoa.framework in Frameworks */ = {isa = PBXBuildFile; fileRef = D29097B20CEBB01A00C91913 /* Cocoa.framework */; };
		D29097FE0CEBB37800C91913 /* ServerImpl.mm in Sources */ = {isa = PBXBuildFile; fileRef = D29097FD0CEBB37800C91913 /* ServerImpl.mm */; };
		D2CAB6EE0D0DC12500BE9CEA /* clientMain.mm in Sources */ = {isa = PBXBuildFile; fileRef = D2908DF00CEBA6F100C91913 /* clientMain.mm */; };
		D2CAB76B0D0DC2A900BE9CEA /* MainMenu.nib in Resources */ = {isa = PBXBuildFile; fileRef = D2CAB7690D0DC2A900BE9CEA /* MainMenu.nib */; };
		D2CAB78C0D0DCC2A00BE9CEA /* ApplicationController.mm in Sources */ = {isa = PBXBuildFile; fileRef = D2CAB78B0D0DCC2A00BE9CEA /* ApplicationController.mm */; };
		D2CAB7BB0D0DCFE700BE9CEA /* stdsoap2.cpp in Sources */ = {isa = PBXBuildFile; fileRef = D2908DEF0CEBA6F100C91913 /* stdsoap2.cpp */; };
		D2CAB87A0D0DEC9E00BE9CEA /* ZimbraQA.h in Sources */ = {isa = PBXBuildFile; fileRef = D2908DF20CEBA6F100C91913 /* ZimbraQA.h */; };
/* End PBXBuildFile section */

/* Begin PBXBuildRule section */
		D2908E430CEBABBB00C91913 /* PBXBuildRule */ = {
			isa = PBXBuildRule;
			compilerSpec = com.apple.compilers.proxy.script;
			filePatterns = "$(PROJECT_DIR)/ZimbraQA.h";
			fileType = pattern.proxy;
			isEditable = 1;
			outputFiles = (
				"$(DERIVED_FILES_DIR)/soapH.h",
				"$(DERIVED_FILES_DIR)/soapStub.h",
				"$(DERIVED_FILES_DIR)/soapC.cpp",
				"$(DERIVED_FILES_DIR)/soapClient.cpp",
				"$(DERIVED_FILES_DIR)/soapServer.cpp",
			);
			script = "/usr/local/bin/soapcpp2 -d$DERIVED_FILES_DIR -L -2 ZimbraQA.h";
		};
		D2CAB7BE0D0DD0AD00BE9CEA /* PBXBuildRule */ = {
			isa = PBXBuildRule;
			compilerSpec = com.apple.compilers.proxy.script;
			filePatterns = "$(PROJECT_DIR)/ZimbraQA.h";
			fileType = pattern.proxy;
			isEditable = 1;
			outputFiles = (
				"$(DERIVED_FILES_DIR)/soapH.h",
				"$(DERIVED_FILES_DIR)/soapStub.h",
				"$(DERIVED_FILES_DIR)/soapC.cpp",
				"$(DERIVED_FILES_DIR)/soapClient.cpp",
				"",
				"",
			);
			script = "/usr/local/bin/soapcpp2 -d$DERIVED_FILES_DIR -L -2 ZimbraQA.h";
		};
/* End PBXBuildRule section */

/* Begin PBXContainerItemProxy section */
		D29097CE0CEBB18500C91913 /* PBXContainerItemProxy */ = {
			isa = PBXContainerItemProxy;
			containerPortal = D2908DCD0CEBA67400C91913 /* Project object */;
			proxyType = 1;
			remoteGlobalIDString = D2908E030CEBA8E100C91913;
			remoteInfo = ZimbraQAServer;
		};
		D2CAB8B20D0DF30700BE9CEA /* PBXContainerItemProxy */ = {
			isa = PBXContainerItemProxy;
			containerPortal = D2908DCD0CEBA67400C91913 /* Project object */;
			proxyType = 1;
			remoteGlobalIDString = D2CAB6D40D0DC08300BE9CEA /* ZimbraQAClient */;
			remoteInfo = ZimbraQAClient;
		};
/* End PBXContainerItemProxy section */

/* Begin PBXFileReference section */
		D235A4E50CECFC8C007A748A /* SyncServices.framework */ = {isa = PBXFileReference; lastKnownFileType = wrapper.framework; name = SyncServices.framework; path = /System/Library/Frameworks/SyncServices.framework; sourceTree = "<absolute>"; };
		D235A59A0CED1550007A748A /* Security.framework */ = {isa = PBXFileReference; lastKnownFileType = wrapper.framework; name = Security.framework; path = /System/Library/Frameworks/Security.framework; sourceTree = "<absolute>"; };
		D235A59B0CED1550007A748A /* SecurityInterface.framework */ = {isa = PBXFileReference; lastKnownFileType = wrapper.framework; name = SecurityInterface.framework; path = /System/Library/Frameworks/SecurityInterface.framework; sourceTree = "<absolute>"; };
		D2908DEF0CEBA6F100C91913 /* stdsoap2.cpp */ = {isa = PBXFileReference; fileEncoding = 4; lastKnownFileType = sourcecode.cpp.cpp; path = stdsoap2.cpp; sourceTree = "<group>"; };
		D2908DF00CEBA6F100C91913 /* clientMain.mm */ = {isa = PBXFileReference; fileEncoding = 4; lastKnownFileType = sourcecode.cpp.objcpp; path = clientMain.mm; sourceTree = "<group>"; };
		D2908DF10CEBA6F100C91913 /* serverMain.mm */ = {isa = PBXFileReference; fileEncoding = 4; lastKnownFileType = sourcecode.cpp.objcpp; path = serverMain.mm; sourceTree = "<group>"; };
		D2908DF20CEBA6F100C91913 /* ZimbraQA.h */ = {isa = PBXFileReference; fileEncoding = 4; lastKnownFileType = sourcecode.c.h; path = ZimbraQA.h; sourceTree = "<group>"; };
		D2908E040CEBA8E100C91913 /* ZimbraQAServer */ = {isa = PBXFileReference; explicitFileType = "compiled.mach-o.executable"; includeInIndex = 0; path = ZimbraQAServer; sourceTree = BUILT_PRODUCTS_DIR; };
		D29093530CEBAFD300C91913 /* AddressBook.framework */ = {isa = PBXFileReference; lastKnownFileType = wrapper.framework; name = AddressBook.framework; path = /System/Library/Frameworks/AddressBook.framework; sourceTree = "<absolute>"; };
		D29093540CEBAFD300C91913 /* AppKit.framework */ = {isa = PBXFileReference; lastKnownFileType = wrapper.framework; name = AppKit.framework; path = /System/Library/Frameworks/AppKit.framework; sourceTree = "<absolute>"; };
		D29093550CEBAFD300C91913 /* Foundation.framework */ = {isa = PBXFileReference; lastKnownFileType = wrapper.framework; name = Foundation.framework; path = /System/Library/Frameworks/Foundation.framework; sourceTree = "<absolute>"; };
		D29097B20CEBB01A00C91913 /* Cocoa.framework */ = {isa = PBXFileReference; lastKnownFileType = wrapper.framework; name = Cocoa.framework; path = /System/Library/Frameworks/Cocoa.framework; sourceTree = "<absolute>"; };
		D29097FC0CEBB37800C91913 /* ServerImpl.h */ = {isa = PBXFileReference; fileEncoding = 4; lastKnownFileType = sourcecode.c.h; path = ServerImpl.h; sourceTree = "<group>"; };
		D29097FD0CEBB37800C91913 /* ServerImpl.mm */ = {isa = PBXFileReference; fileEncoding = 4; lastKnownFileType = sourcecode.cpp.objcpp; path = ServerImpl.mm; sourceTree = "<group>"; };
		D2CAB6D50D0DC08300BE9CEA /* ZimbraQAClient.app */ = {isa = PBXFileReference; explicitFileType = wrapper.application; includeInIndex = 0; path = ZimbraQAClient.app; sourceTree = BUILT_PRODUCTS_DIR; };
		D2CAB6D70D0DC08300BE9CEA /* Hey-Info.plist */ = {isa = PBXFileReference; lastKnownFileType = text.plist.xml; path = "Hey-Info.plist"; sourceTree = "<group>"; };
		D2CAB76A0D0DC2A900BE9CEA /* English */ = {isa = PBXFileReference; lastKnownFileType = wrapper.nib; name = English; path = English.lproj/MainMenu.nib; sourceTree = "<group>"; };
		D2CAB78A0D0DCC2A00BE9CEA /* ApplicationController.h */ = {isa = PBXFileReference; fileEncoding = 4; lastKnownFileType = sourcecode.c.h; path = ApplicationController.h; sourceTree = "<group>"; };
		D2CAB78B0D0DCC2A00BE9CEA /* ApplicationController.mm */ = {isa = PBXFileReference; fileEncoding = 4; lastKnownFileType = sourcecode.cpp.objcpp; path = ApplicationController.mm; sourceTree = "<group>"; };
/* End PBXFileReference section */

/* Begin PBXFrameworksBuildPhase section */
		D2908E020CEBA8E100C91913 /* Frameworks */ = {
			isa = PBXFrameworksBuildPhase;
			buildActionMask = 2147483647;
			files = (
				D29093560CEBAFD300C91913 /* AddressBook.framework in Frameworks */,
				D29093570CEBAFD300C91913 /* AppKit.framework in Frameworks */,
				D29093580CEBAFD300C91913 /* Foundation.framework in Frameworks */,
				D29097B30CEBB01A00C91913 /* Cocoa.framework in Frameworks */,
				D235A4E60CECFC8C007A748A /* SyncServices.framework in Frameworks */,
				D235A59C0CED1550007A748A /* Security.framework in Frameworks */,
				D235A59D0CED1550007A748A /* SecurityInterface.framework in Frameworks */,
			);
			runOnlyForDeploymentPostprocessing = 0;
		};
		D2CAB6D30D0DC08300BE9CEA /* Frameworks */ = {
			isa = PBXFrameworksBuildPhase;
			buildActionMask = 2147483647;
			files = (
			);
			runOnlyForDeploymentPostprocessing = 0;
		};
/* End PBXFrameworksBuildPhase section */

/* Begin PBXGroup section */
		D2908DCB0CEBA67400C91913 = {
			isa = PBXGroup;
			children = (
				D2908E190CEBA94200C91913 /* Server Files */,
				D2CAB6ED0D0DC0E000BE9CEA /* Client */,
				D2908E1D0CEBA95200C91913 /* Common Files */,
				D2908E600CEBAF6200C91913 /* Frameworks */,
				D2CAB7670D0DC1E800BE9CEA /* Resources */,
				D2908DDC0CEBA6AE00C91913 /* Products */,
				D2CAB6D70D0DC08300BE9CEA /* Hey-Info.plist */,
			);
			sourceTree = "<group>";
		};
		D2908DDC0CEBA6AE00C91913 /* Products */ = {
			isa = PBXGroup;
			children = (
				D2908E040CEBA8E100C91913 /* ZimbraQAServer */,
				D2CAB6D50D0DC08300BE9CEA /* ZimbraQAClient.app */,
			);
			name = Products;
			sourceTree = "<group>";
		};
		D2908E190CEBA94200C91913 /* Server Files */ = {
			isa = PBXGroup;
			children = (
				D2908DF10CEBA6F100C91913 /* serverMain.mm */,
				D29097FC0CEBB37800C91913 /* ServerImpl.h */,
				D29097FD0CEBB37800C91913 /* ServerImpl.mm */,
			);
			name = "Server Files";
			sourceTree = "<group>";
		};
		D2908E1D0CEBA95200C91913 /* Common Files */ = {
			isa = PBXGroup;
			children = (
				D2908DF20CEBA6F100C91913 /* ZimbraQA.h */,
				D2908DEF0CEBA6F100C91913 /* stdsoap2.cpp */,
			);
			name = "Common Files";
			sourceTree = "<group>";
		};
		D2908E600CEBAF6200C91913 /* Frameworks */ = {
			isa = PBXGroup;
			children = (
				D235A59A0CED1550007A748A /* Security.framework */,
				D235A59B0CED1550007A748A /* SecurityInterface.framework */,
				D29093550CEBAFD300C91913 /* Foundation.framework */,
				D29093540CEBAFD300C91913 /* AppKit.framework */,
				D29093530CEBAFD300C91913 /* AddressBook.framework */,
				D235A4E50CECFC8C007A748A /* SyncServices.framework */,
				D29097B20CEBB01A00C91913 /* Cocoa.framework */,
			);
			name = Frameworks;
			sourceTree = "<group>";
		};
		D2CAB6ED0D0DC0E000BE9CEA /* Client */ = {
			isa = PBXGroup;
			children = (
				D2908DF00CEBA6F100C91913 /* clientMain.mm */,
				D2CAB78A0D0DCC2A00BE9CEA /* ApplicationController.h */,
				D2CAB78B0D0DCC2A00BE9CEA /* ApplicationController.mm */,
			);
			name = Client;
			sourceTree = "<group>";
		};
		D2CAB7670D0DC1E800BE9CEA /* Resources */ = {
			isa = PBXGroup;
			children = (
				D2CAB7690D0DC2A900BE9CEA /* MainMenu.nib */,
			);
			name = Resources;
			sourceTree = "<group>";
		};
/* End PBXGroup section */

/* Begin PBXNativeTarget section */
		D2908E030CEBA8E100C91913 /* ZimbraQAServer */ = {
			isa = PBXNativeTarget;
			buildConfigurationList = D2908E1A0CEBA94200C91913 /* Build configuration list for PBXNativeTarget "ZimbraQAServer" */;
			buildPhases = (
				D2908E010CEBA8E100C91913 /* Sources */,
				D2908E020CEBA8E100C91913 /* Frameworks */,
			);
			buildRules = (
				D2908E430CEBABBB00C91913 /* PBXBuildRule */,
			);
			dependencies = (
			);
			name = ZimbraQAServer;
			productName = ZimbraQAServer;
			productReference = D2908E040CEBA8E100C91913 /* ZimbraQAServer */;
			productType = "com.apple.product-type.tool";
		};
		D2CAB6D40D0DC08300BE9CEA /* ZimbraQAClient */ = {
			isa = PBXNativeTarget;
			buildConfigurationList = D2CAB6DA0D0DC08400BE9CEA /* Build configuration list for PBXNativeTarget "ZimbraQAClient" */;
			buildPhases = (
				D2CAB6D10D0DC08300BE9CEA /* Resources */,
				D2CAB6D20D0DC08300BE9CEA /* Sources */,
				D2CAB6D30D0DC08300BE9CEA /* Frameworks */,
			);
			buildRules = (
				D2CAB7BE0D0DD0AD00BE9CEA /* PBXBuildRule */,
			);
			dependencies = (
			);
			name = ZimbraQAClient;
			productName = Hey;
			productReference = D2CAB6D50D0DC08300BE9CEA /* ZimbraQAClient.app */;
			productType = "com.apple.product-type.application";
		};
/* End PBXNativeTarget section */

/* Begin PBXProject section */
		D2908DCD0CEBA67400C91913 /* Project object */ = {
			isa = PBXProject;
			buildConfigurationList = D2908DD00CEBA67400C91913 /* Build configuration list for PBXProject "TestHarness" */;
			compatibilityVersion = "Xcode 2.4";
			hasScannedForEncodings = 0;
			mainGroup = D2908DCB0CEBA67400C91913;
			productRefGroup = D2908DDC0CEBA6AE00C91913 /* Products */;
			projectDirPath = "";
			projectRoot = "";
			targets = (
				D29097CB0CEBB17D00C91913 /* All */,
				D2908E030CEBA8E100C91913 /* ZimbraQAServer */,
				D2CAB6D40D0DC08300BE9CEA /* ZimbraQAClient */,
			);
		};
/* End PBXProject section */

/* Begin PBXResourcesBuildPhase section */
		D2CAB6D10D0DC08300BE9CEA /* Resources */ = {
			isa = PBXResourcesBuildPhase;
			buildActionMask = 2147483647;
			files = (
				D2CAB76B0D0DC2A900BE9CEA /* MainMenu.nib in Resources */,
			);
			runOnlyForDeploymentPostprocessing = 0;
		};
/* End PBXResourcesBuildPhase section */

/* Begin PBXSourcesBuildPhase section */
		D2908E010CEBA8E100C91913 /* Sources */ = {
			isa = PBXSourcesBuildPhase;
			buildActionMask = 2147483647;
			files = (
				D2908E480CEBAD1300C91913 /* ZimbraQA.h in Sources */,
				D2908E0F0CEBA90400C91913 /* serverMain.mm in Sources */,
				D2908E120CEBA90B00C91913 /* stdsoap2.cpp in Sources */,
				D29097FE0CEBB37800C91913 /* ServerImpl.mm in Sources */,
			);
			runOnlyForDeploymentPostprocessing = 0;
		};
		D2CAB6D20D0DC08300BE9CEA /* Sources */ = {
			isa = PBXSourcesBuildPhase;
			buildActionMask = 2147483647;
			files = (
				D2CAB87A0D0DEC9E00BE9CEA /* ZimbraQA.h in Sources */,
				D2CAB6EE0D0DC12500BE9CEA /* clientMain.mm in Sources */,
				D2CAB78C0D0DCC2A00BE9CEA /* ApplicationController.mm in Sources */,
				D2CAB7BB0D0DCFE700BE9CEA /* stdsoap2.cpp in Sources */,
			);
			runOnlyForDeploymentPostprocessing = 0;
		};
/* End PBXSourcesBuildPhase section */

/* Begin PBXTargetDependency section */
		D29097CF0CEBB18500C91913 /* PBXTargetDependency */ = {
			isa = PBXTargetDependency;
			target = D2908E030CEBA8E100C91913 /* ZimbraQAServer */;
			targetProxy = D29097CE0CEBB18500C91913 /* PBXContainerItemProxy */;
		};
		D2CAB8B30D0DF30700BE9CEA /* PBXTargetDependency */ = {
			isa = PBXTargetDependency;
			target = D2CAB6D40D0DC08300BE9CEA /* ZimbraQAClient */;
			targetProxy = D2CAB8B20D0DF30700BE9CEA /* PBXContainerItemProxy */;
		};
/* End PBXTargetDependency section */

/* Begin PBXVariantGroup section */
		D2CAB7690D0DC2A900BE9CEA /* MainMenu.nib */ = {
			isa = PBXVariantGroup;
			children = (
				D2CAB76A0D0DC2A900BE9CEA /* English */,
			);
			name = MainMenu.nib;
			sourceTree = "<group>";
		};
/* End PBXVariantGroup section */

/* Begin XCBuildConfiguration section */
		D2908DCE0CEBA67400C91913 /* Debug */ = {
			isa = XCBuildConfiguration;
			buildSettings = {
				ARCHS = (
					i386,
					ppc,
				);
				COPY_PHASE_STRIP = NO;
				HEADER_SEARCH_PATHS = "";
				SDKROOT = /Developer/SDKs/MacOSX10.4u.sdk;
			};
			name = Debug;
		};
		D2908DCF0CEBA67400C91913 /* Release */ = {
			isa = XCBuildConfiguration;
			buildSettings = {
				ARCHS = (
					i386,
					ppc,
				);
				COPY_PHASE_STRIP = YES;
				HEADER_SEARCH_PATHS = "";
				SDKROOT = /Developer/SDKs/MacOSX10.4u.sdk;
			};
			name = Release;
		};
		D2908E060CEBA8E100C91913 /* Debug */ = {
			isa = XCBuildConfiguration;
			buildSettings = {
				COPY_PHASE_STRIP = NO;
				GCC_DYNAMIC_NO_PIC = NO;
				GCC_ENABLE_FIX_AND_CONTINUE = YES;
				GCC_MODEL_TUNING = G5;
				GCC_OPTIMIZATION_LEVEL = 0;
				INSTALL_PATH = /usr/local/bin;
				PREBINDING = NO;
				PRODUCT_NAME = ZimbraQAServer;
				ZERO_LINK = YES;
			};
			name = Debug;
		};
		D2908E070CEBA8E100C91913 /* Release */ = {
			isa = XCBuildConfiguration;
			buildSettings = {
				COPY_PHASE_STRIP = YES;
				DEBUG_INFORMATION_FORMAT = "dwarf-with-dsym";
				GCC_ENABLE_FIX_AND_CONTINUE = NO;
				GCC_MODEL_TUNING = G5;
				INSTALL_PATH = /usr/local/bin;
				PREBINDING = NO;
				PRODUCT_NAME = ZimbraQAServer;
				ZERO_LINK = NO;
			};
			name = Release;
		};
		D29097CC0CEBB17D00C91913 /* Debug */ = {
			isa = XCBuildConfiguration;
			buildSettings = {
				COPY_PHASE_STRIP = NO;
				GCC_DYNAMIC_NO_PIC = NO;
				GCC_OPTIMIZATION_LEVEL = 0;
				PRODUCT_NAME = All;
			};
			name = Debug;
		};
		D29097CD0CEBB17D00C91913 /* Release */ = {
			isa = XCBuildConfiguration;
			buildSettings = {
				COPY_PHASE_STRIP = YES;
				DEBUG_INFORMATION_FORMAT = "dwarf-with-dsym";
				GCC_ENABLE_FIX_AND_CONTINUE = NO;
				PRODUCT_NAME = All;
				ZERO_LINK = NO;
			};
			name = Release;
		};
		D2CAB6D80D0DC08300BE9CEA /* Debug */ = {
			isa = XCBuildConfiguration;
			buildSettings = {
				ALWAYS_SEARCH_USER_PATHS = YES;
				COPY_PHASE_STRIP = NO;
				GCC_DYNAMIC_NO_PIC = NO;
				GCC_ENABLE_FIX_AND_CONTINUE = YES;
				GCC_MODEL_TUNING = G5;
				GCC_OPTIMIZATION_LEVEL = 0;
				GCC_PRECOMPILE_PREFIX_HEADER = NO;
				GCC_PREFIX_HEADER = "";
				INFOPLIST_FILE = "Hey-Info.plist";
				INSTALL_PATH = "$(HOME)/Applications";
				OTHER_LDFLAGS = (
					"-framework",
					Foundation,
					"-framework",
					AppKit,
				);
				PREBINDING = NO;
				PRODUCT_NAME = ZimbraQAClient;
				SCAN_ALL_SOURCE_FILES_FOR_INCLUDES = NO;
				SDKROOT = /Developer/SDKs/MacOSX10.4u.sdk;
				SHARED_PRECOMPS_DIR = "";
				WRAPPER_EXTENSION = app;
				ZERO_LINK = YES;
			};
			name = Debug;
		};
		D2CAB6D90D0DC08300BE9CEA /* Release */ = {
			isa = XCBuildConfiguration;
			buildSettings = {
				COPY_PHASE_STRIP = YES;
				DEBUG_INFORMATION_FORMAT = "dwarf-with-dsym";
				GCC_ENABLE_FIX_AND_CONTINUE = NO;
				GCC_MODEL_TUNING = G5;
				GCC_PRECOMPILE_PREFIX_HEADER = YES;
				GCC_PREFIX_HEADER = "$(SYSTEM_LIBRARY_DIR)/Frameworks/AppKit.framework/Headers/AppKit.h";
				INFOPLIST_FILE = "Hey-Info.plist";
				INSTALL_PATH = "$(HOME)/Applications";
				OTHER_LDFLAGS = (
					"-framework",
					Foundation,
					"-framework",
					AppKit,
				);
				PREBINDING = NO;
				PRODUCT_NAME = Hey;
				WRAPPER_EXTENSION = app;
				ZERO_LINK = NO;
			};
			name = Release;
		};
/* End XCBuildConfiguration section */

/* Begin XCConfigurationList section */
		D2908DD00CEBA67400C91913 /* Build configuration list for PBXProject "TestHarness" */ = {
			isa = XCConfigurationList;
			buildConfigurations = (
				D2908DCE0CEBA67400C91913 /* Debug */,
				D2908DCF0CEBA67400C91913 /* Release */,
			);
			defaultConfigurationIsVisible = 0;
			defaultConfigurationName = Release;
		};
		D2908E1A0CEBA94200C91913 /* Build configuration list for PBXNativeTarget "ZimbraQAServer" */ = {
			isa = XCConfigurationList;
			buildConfigurations = (
				D2908E060CEBA8E100C91913 /* Debug */,
				D2908E070CEBA8E100C91913 /* Release */,
			);
			defaultConfigurationIsVisible = 0;
			defaultConfigurationName = Release;
		};
		D29097F90CEBB1CF00C91913 /* Build configuration list for PBXAggregateTarget "All" */ = {
			isa = XCConfigurationList;
			buildConfigurations = (
				D29097CC0CEBB17D00C91913 /* Debug */,
				D29097CD0CEBB17D00C91913 /* Release */,
			);
			defaultConfigurationIsVisible = 0;
			defaultConfigurationName = Release;
		};
		D2CAB6DA0D0DC08400BE9CEA /* Build configuration list for PBXNativeTarget "ZimbraQAClient" */ = {
			isa = XCConfigurationList;
			buildConfigurations = (
				D2CAB6D80D0DC08300BE9CEA /* Debug */,
				D2CAB6D90D0DC08300BE9CEA /* Release */,
			);
			defaultConfigurationIsVisible = 0;
			defaultConfigurationName = Release;
		};
/* End XCConfigurationList section */
	};
	rootObject = D2908DCD0CEBA67400C91913 /* Project object */;
}
