
Microsoft Visual Studio Solution File, Format Version 11.00
# Visual Studio 2010
Project("{FAE04EC0-301F-11D3-BF4B-00C04F79EFBC}") = "ActiveSync", "ActiveSync\ActiveSync.csproj", "{81D833C8-5497-497D-BA2C-3E7A7D400B32}"
	ProjectSection(ProjectDependencies) = postProject
		{17ACDC8D-9769-4651-9B3B-FBE70B96047D} = {17ACDC8D-9769-4651-9B3B-FBE70B96047D}
	EndProjectSection
EndProject
Project("{FAE04EC0-301F-11D3-BF4B-00C04F79EFBC}") = "Tests", "Tests\Tests.csproj", "{D037928D-6BFB-46CA-BE35-63530B6DC19E}"
	ProjectSection(ProjectDependencies) = postProject
		{17ACDC8D-9769-4651-9B3B-FBE70B96047D} = {17ACDC8D-9769-4651-9B3B-FBE70B96047D}
		{81D833C8-5497-497D-BA2C-3E7A7D400B32} = {81D833C8-5497-497D-BA2C-3E7A7D400B32}
	EndProjectSection
EndProject
Project("{FAE04EC0-301F-11D3-BF4B-00C04F79EFBC}") = "Utilities", "Utilities\Utilities.csproj", "{17ACDC8D-9769-4651-9B3B-FBE70B96047D}"
EndProject
Global
	GlobalSection(SolutionConfigurationPlatforms) = preSolution
		Debug|Any CPU = Debug|Any CPU
		Debug|Mixed Platforms = Debug|Mixed Platforms
		Debug|x86 = Debug|x86
		Release|Any CPU = Release|Any CPU
		Release|Mixed Platforms = Release|Mixed Platforms
		Release|x86 = Release|x86
	EndGlobalSection
	GlobalSection(ProjectConfigurationPlatforms) = postSolution
		{81D833C8-5497-497D-BA2C-3E7A7D400B32}.Debug|Any CPU.ActiveCfg = Debug|Any CPU
		{81D833C8-5497-497D-BA2C-3E7A7D400B32}.Debug|Any CPU.Build.0 = Debug|Any CPU
		{81D833C8-5497-497D-BA2C-3E7A7D400B32}.Debug|Mixed Platforms.ActiveCfg = Debug|Any CPU
		{81D833C8-5497-497D-BA2C-3E7A7D400B32}.Debug|Mixed Platforms.Build.0 = Debug|Any CPU
		{81D833C8-5497-497D-BA2C-3E7A7D400B32}.Debug|x86.ActiveCfg = Debug|Any CPU
		{81D833C8-5497-497D-BA2C-3E7A7D400B32}.Release|Any CPU.ActiveCfg = Release|Any CPU
		{81D833C8-5497-497D-BA2C-3E7A7D400B32}.Release|Any CPU.Build.0 = Release|Any CPU
		{81D833C8-5497-497D-BA2C-3E7A7D400B32}.Release|Mixed Platforms.ActiveCfg = Release|Any CPU
		{81D833C8-5497-497D-BA2C-3E7A7D400B32}.Release|Mixed Platforms.Build.0 = Release|Any CPU
		{81D833C8-5497-497D-BA2C-3E7A7D400B32}.Release|x86.ActiveCfg = Release|Any CPU
		{D037928D-6BFB-46CA-BE35-63530B6DC19E}.Debug|Any CPU.ActiveCfg = Debug|Any CPU
		{D037928D-6BFB-46CA-BE35-63530B6DC19E}.Debug|Any CPU.Build.0 = Debug|Any CPU
		{D037928D-6BFB-46CA-BE35-63530B6DC19E}.Debug|Mixed Platforms.ActiveCfg = Debug|Any CPU
		{D037928D-6BFB-46CA-BE35-63530B6DC19E}.Debug|Mixed Platforms.Build.0 = Debug|Any CPU
		{D037928D-6BFB-46CA-BE35-63530B6DC19E}.Debug|x86.ActiveCfg = Debug|Any CPU
		{D037928D-6BFB-46CA-BE35-63530B6DC19E}.Release|Any CPU.ActiveCfg = Release|Any CPU
		{D037928D-6BFB-46CA-BE35-63530B6DC19E}.Release|Any CPU.Build.0 = Release|Any CPU
		{D037928D-6BFB-46CA-BE35-63530B6DC19E}.Release|Mixed Platforms.ActiveCfg = Release|Any CPU
		{D037928D-6BFB-46CA-BE35-63530B6DC19E}.Release|Mixed Platforms.Build.0 = Release|Any CPU
		{D037928D-6BFB-46CA-BE35-63530B6DC19E}.Release|x86.ActiveCfg = Release|Any CPU
		{17ACDC8D-9769-4651-9B3B-FBE70B96047D}.Debug|Any CPU.ActiveCfg = Debug|Any CPU
		{17ACDC8D-9769-4651-9B3B-FBE70B96047D}.Debug|Any CPU.Build.0 = Debug|Any CPU
		{17ACDC8D-9769-4651-9B3B-FBE70B96047D}.Debug|Mixed Platforms.ActiveCfg = Debug|Any CPU
		{17ACDC8D-9769-4651-9B3B-FBE70B96047D}.Debug|Mixed Platforms.Build.0 = Debug|Any CPU
		{17ACDC8D-9769-4651-9B3B-FBE70B96047D}.Debug|x86.ActiveCfg = Debug|Any CPU
		{17ACDC8D-9769-4651-9B3B-FBE70B96047D}.Release|Any CPU.ActiveCfg = Release|Any CPU
		{17ACDC8D-9769-4651-9B3B-FBE70B96047D}.Release|Any CPU.Build.0 = Release|Any CPU
		{17ACDC8D-9769-4651-9B3B-FBE70B96047D}.Release|Mixed Platforms.ActiveCfg = Release|Any CPU
		{17ACDC8D-9769-4651-9B3B-FBE70B96047D}.Release|Mixed Platforms.Build.0 = Release|Any CPU
		{17ACDC8D-9769-4651-9B3B-FBE70B96047D}.Release|x86.ActiveCfg = Release|Any CPU
	EndGlobalSection
	GlobalSection(SolutionProperties) = preSolution
		HideSolutionNode = FALSE
	EndGlobalSection
EndGlobal
