
Microsoft Visual Studio Solution File, Format Version 9.00
# Visual Studio 2005
Project("{FAE04EC0-301F-11D3-BF4B-00C04F79EFBC}") = "ProcessMonitorService", "ProcessMonitorService\ProcessMonitorService.csproj", "{2639BA69-9E83-437B-A4B5-0B5DC844E27F}"
EndProject
Project("{54435603-DBB4-11D2-8724-00A0C9A8B90C}") = "ProcessMonitorServiceSetup", "ProcessMonitorServiceSetup\ProcessMonitorServiceSetup.vdproj", "{C2950CA9-27B6-431B-ACAC-72E4A37632E3}"
EndProject
Global
	GlobalSection(SolutionConfigurationPlatforms) = preSolution
		Debug|Any CPU = Debug|Any CPU
		Release|Any CPU = Release|Any CPU
	EndGlobalSection
	GlobalSection(ProjectConfigurationPlatforms) = postSolution
		{2639BA69-9E83-437B-A4B5-0B5DC844E27F}.Debug|Any CPU.ActiveCfg = Debug|Any CPU
		{2639BA69-9E83-437B-A4B5-0B5DC844E27F}.Debug|Any CPU.Build.0 = Debug|Any CPU
		{2639BA69-9E83-437B-A4B5-0B5DC844E27F}.Release|Any CPU.ActiveCfg = Release|Any CPU
		{2639BA69-9E83-437B-A4B5-0B5DC844E27F}.Release|Any CPU.Build.0 = Release|Any CPU
		{C2950CA9-27B6-431B-ACAC-72E4A37632E3}.Debug|Any CPU.ActiveCfg = Debug
		{C2950CA9-27B6-431B-ACAC-72E4A37632E3}.Release|Any CPU.ActiveCfg = Release
	EndGlobalSection
	GlobalSection(SolutionProperties) = preSolution
		HideSolutionNode = FALSE
	EndGlobalSection
EndGlobal
