
Microsoft Visual Studio Solution File, Format Version 9.00
# Visual Studio 2005
Project("{FAE04EC0-301F-11D3-BF4B-00C04F79EFBC}") = "clientTests", "clientTests\clientTests.csproj", "{B8396A49-1DDB-4C8A-9CC7-467536B074F1}"
EndProject
Project("{FAE04EC0-301F-11D3-BF4B-00C04F79EFBC}") = "SyncHarness", "SyncHarness\SyncHarness.csproj", "{2925D8FE-1A66-4E02-8B80-EA5CFA10A112}"
	ProjectSection(ProjectDependencies) = postProject
		{B9C22F43-4912-4538-9EE9-A0E218329F5E} = {B9C22F43-4912-4538-9EE9-A0E218329F5E}
	EndProjectSection
EndProject
Project("{FAE04EC0-301F-11D3-BF4B-00C04F79EFBC}") = "restartTests", "restartTests\restartTests.csproj", "{21BF3CCA-5CB1-43DE-A292-15F0818F61B7}"
EndProject
Project("{FAE04EC0-301F-11D3-BF4B-00C04F79EFBC}") = "longDurationTests", "longDurationTests\longDurationTests.csproj", "{D97444C8-CA57-45FE-B907-A90131723FB1}"
EndProject
Project("{8BC9CEB8-8B4A-11D0-8D11-00A0C91BC942}") = "NativeDLL", "..\NativeDLL\NativeDLL.vcproj", "{B9C22F43-4912-4538-9EE9-A0E218329F5E}"
EndProject
Global
	GlobalSection(SolutionConfigurationPlatforms) = preSolution
		Debug|Any CPU = Debug|Any CPU
		Debug|Mixed Platforms = Debug|Mixed Platforms
		Debug|Win32 = Debug|Win32
		Release|Any CPU = Release|Any CPU
		Release|Mixed Platforms = Release|Mixed Platforms
		Release|Win32 = Release|Win32
	EndGlobalSection
	GlobalSection(ProjectConfigurationPlatforms) = postSolution
		{B8396A49-1DDB-4C8A-9CC7-467536B074F1}.Debug|Any CPU.ActiveCfg = Debug|Any CPU
		{B8396A49-1DDB-4C8A-9CC7-467536B074F1}.Debug|Any CPU.Build.0 = Debug|Any CPU
		{B8396A49-1DDB-4C8A-9CC7-467536B074F1}.Debug|Mixed Platforms.ActiveCfg = Debug|Any CPU
		{B8396A49-1DDB-4C8A-9CC7-467536B074F1}.Debug|Mixed Platforms.Build.0 = Debug|Any CPU
		{B8396A49-1DDB-4C8A-9CC7-467536B074F1}.Debug|Win32.ActiveCfg = Debug|Any CPU
		{B8396A49-1DDB-4C8A-9CC7-467536B074F1}.Debug|Win32.Build.0 = Debug|Any CPU
		{B8396A49-1DDB-4C8A-9CC7-467536B074F1}.Release|Any CPU.ActiveCfg = Release|Any CPU
		{B8396A49-1DDB-4C8A-9CC7-467536B074F1}.Release|Any CPU.Build.0 = Release|Any CPU
		{B8396A49-1DDB-4C8A-9CC7-467536B074F1}.Release|Mixed Platforms.ActiveCfg = Release|Any CPU
		{B8396A49-1DDB-4C8A-9CC7-467536B074F1}.Release|Mixed Platforms.Build.0 = Release|Any CPU
		{B8396A49-1DDB-4C8A-9CC7-467536B074F1}.Release|Win32.ActiveCfg = Release|Any CPU
		{B8396A49-1DDB-4C8A-9CC7-467536B074F1}.Release|Win32.Build.0 = Release|Any CPU
		{2925D8FE-1A66-4E02-8B80-EA5CFA10A112}.Debug|Any CPU.ActiveCfg = Debug|Any CPU
		{2925D8FE-1A66-4E02-8B80-EA5CFA10A112}.Debug|Any CPU.Build.0 = Debug|Any CPU
		{2925D8FE-1A66-4E02-8B80-EA5CFA10A112}.Debug|Mixed Platforms.ActiveCfg = Debug|Any CPU
		{2925D8FE-1A66-4E02-8B80-EA5CFA10A112}.Debug|Mixed Platforms.Build.0 = Debug|Any CPU
		{2925D8FE-1A66-4E02-8B80-EA5CFA10A112}.Debug|Win32.ActiveCfg = Debug|Any CPU
		{2925D8FE-1A66-4E02-8B80-EA5CFA10A112}.Debug|Win32.Build.0 = Debug|Any CPU
		{2925D8FE-1A66-4E02-8B80-EA5CFA10A112}.Release|Any CPU.ActiveCfg = Release|Any CPU
		{2925D8FE-1A66-4E02-8B80-EA5CFA10A112}.Release|Any CPU.Build.0 = Release|Any CPU
		{2925D8FE-1A66-4E02-8B80-EA5CFA10A112}.Release|Mixed Platforms.ActiveCfg = Release|Any CPU
		{2925D8FE-1A66-4E02-8B80-EA5CFA10A112}.Release|Mixed Platforms.Build.0 = Release|Any CPU
		{2925D8FE-1A66-4E02-8B80-EA5CFA10A112}.Release|Win32.ActiveCfg = Release|Any CPU
		{2925D8FE-1A66-4E02-8B80-EA5CFA10A112}.Release|Win32.Build.0 = Release|Any CPU
		{21BF3CCA-5CB1-43DE-A292-15F0818F61B7}.Debug|Any CPU.ActiveCfg = Debug|Any CPU
		{21BF3CCA-5CB1-43DE-A292-15F0818F61B7}.Debug|Any CPU.Build.0 = Debug|Any CPU
		{21BF3CCA-5CB1-43DE-A292-15F0818F61B7}.Debug|Mixed Platforms.ActiveCfg = Debug|Any CPU
		{21BF3CCA-5CB1-43DE-A292-15F0818F61B7}.Debug|Mixed Platforms.Build.0 = Debug|Any CPU
		{21BF3CCA-5CB1-43DE-A292-15F0818F61B7}.Debug|Win32.ActiveCfg = Debug|Any CPU
		{21BF3CCA-5CB1-43DE-A292-15F0818F61B7}.Debug|Win32.Build.0 = Debug|Any CPU
		{21BF3CCA-5CB1-43DE-A292-15F0818F61B7}.Release|Any CPU.ActiveCfg = Release|Any CPU
		{21BF3CCA-5CB1-43DE-A292-15F0818F61B7}.Release|Any CPU.Build.0 = Release|Any CPU
		{21BF3CCA-5CB1-43DE-A292-15F0818F61B7}.Release|Mixed Platforms.ActiveCfg = Release|Any CPU
		{21BF3CCA-5CB1-43DE-A292-15F0818F61B7}.Release|Mixed Platforms.Build.0 = Release|Any CPU
		{21BF3CCA-5CB1-43DE-A292-15F0818F61B7}.Release|Win32.ActiveCfg = Release|Any CPU
		{21BF3CCA-5CB1-43DE-A292-15F0818F61B7}.Release|Win32.Build.0 = Release|Any CPU
		{D97444C8-CA57-45FE-B907-A90131723FB1}.Debug|Any CPU.ActiveCfg = Debug|Any CPU
		{D97444C8-CA57-45FE-B907-A90131723FB1}.Debug|Any CPU.Build.0 = Debug|Any CPU
		{D97444C8-CA57-45FE-B907-A90131723FB1}.Debug|Mixed Platforms.ActiveCfg = Debug|Any CPU
		{D97444C8-CA57-45FE-B907-A90131723FB1}.Debug|Mixed Platforms.Build.0 = Debug|Any CPU
		{D97444C8-CA57-45FE-B907-A90131723FB1}.Debug|Win32.ActiveCfg = Debug|Any CPU
		{D97444C8-CA57-45FE-B907-A90131723FB1}.Debug|Win32.Build.0 = Debug|Any CPU
		{D97444C8-CA57-45FE-B907-A90131723FB1}.Release|Any CPU.ActiveCfg = Release|Any CPU
		{D97444C8-CA57-45FE-B907-A90131723FB1}.Release|Any CPU.Build.0 = Release|Any CPU
		{D97444C8-CA57-45FE-B907-A90131723FB1}.Release|Mixed Platforms.ActiveCfg = Release|Any CPU
		{D97444C8-CA57-45FE-B907-A90131723FB1}.Release|Mixed Platforms.Build.0 = Release|Any CPU
		{D97444C8-CA57-45FE-B907-A90131723FB1}.Release|Win32.ActiveCfg = Release|Any CPU
		{D97444C8-CA57-45FE-B907-A90131723FB1}.Release|Win32.Build.0 = Release|Any CPU
		{B9C22F43-4912-4538-9EE9-A0E218329F5E}.Debug|Any CPU.ActiveCfg = Debug|Win32
		{B9C22F43-4912-4538-9EE9-A0E218329F5E}.Debug|Mixed Platforms.ActiveCfg = Debug|Win32
		{B9C22F43-4912-4538-9EE9-A0E218329F5E}.Debug|Win32.ActiveCfg = Debug|Win32
		{B9C22F43-4912-4538-9EE9-A0E218329F5E}.Release|Any CPU.ActiveCfg = Release|Win32
		{B9C22F43-4912-4538-9EE9-A0E218329F5E}.Release|Mixed Platforms.ActiveCfg = Release|Win32
		{B9C22F43-4912-4538-9EE9-A0E218329F5E}.Release|Win32.ActiveCfg = Release|Win32
	EndGlobalSection
	GlobalSection(SolutionProperties) = preSolution
		HideSolutionNode = FALSE
	EndGlobalSection
EndGlobal
