
Microsoft Visual Studio Solution File, Format Version 11.00
# Visual Studio 2010
Project("{2150E333-8FDC-42A3-9474-1A3956D46DE8}") = "Solution Items", "Solution Items", "{725D9D44-5906-4A2F-B28B-7935F83EF5E0}"
	ProjectSection(SolutionItems) = preProject
		Build.xml = Build.xml
		global.properties = global.properties
		log4net.config = log4net.config
		NUnitDebug.nunit = NUnitDebug.nunit
		staf.properties = staf.properties
	EndProjectSection
EndProject
Project("{FAE04EC0-301F-11D3-BF4B-00C04F79EFBC}") = "easTests", "easTests\easTests.csproj", "{8B723B9D-191B-4446-99A9-E0E0C53A7255}"
EndProject
Project("{FAE04EC0-301F-11D3-BF4B-00C04F79EFBC}") = "EASHarness", "EASHarness\EASHarness.csproj", "{F4652518-7024-4E64-B701-DA99B9ED3864}"
EndProject
Project("{FAE04EC0-301F-11D3-BF4B-00C04F79EFBC}") = "NUnitDebug", "NUnitDebug\NUnitDebug.csproj", "{E0DAA1C2-2970-4154-AEFD-9C89F14CBCC4}"
	ProjectSection(ProjectDependencies) = postProject
		{F4652518-7024-4E64-B701-DA99B9ED3864} = {F4652518-7024-4E64-B701-DA99B9ED3864}
		{8B723B9D-191B-4446-99A9-E0E0C53A7255} = {8B723B9D-191B-4446-99A9-E0E0C53A7255}
	EndProjectSection
EndProject
Global
	GlobalSection(SolutionConfigurationPlatforms) = preSolution
		Debug|Any CPU = Debug|Any CPU
		Release|Any CPU = Release|Any CPU
	EndGlobalSection
	GlobalSection(ProjectConfigurationPlatforms) = postSolution
		{8B723B9D-191B-4446-99A9-E0E0C53A7255}.Debug|Any CPU.ActiveCfg = Debug|Any CPU
		{8B723B9D-191B-4446-99A9-E0E0C53A7255}.Debug|Any CPU.Build.0 = Debug|Any CPU
		{8B723B9D-191B-4446-99A9-E0E0C53A7255}.Release|Any CPU.ActiveCfg = Release|Any CPU
		{8B723B9D-191B-4446-99A9-E0E0C53A7255}.Release|Any CPU.Build.0 = Release|Any CPU
		{F4652518-7024-4E64-B701-DA99B9ED3864}.Debug|Any CPU.ActiveCfg = Debug|Any CPU
		{F4652518-7024-4E64-B701-DA99B9ED3864}.Debug|Any CPU.Build.0 = Debug|Any CPU
		{F4652518-7024-4E64-B701-DA99B9ED3864}.Release|Any CPU.ActiveCfg = Release|Any CPU
		{F4652518-7024-4E64-B701-DA99B9ED3864}.Release|Any CPU.Build.0 = Release|Any CPU
		{E0DAA1C2-2970-4154-AEFD-9C89F14CBCC4}.Debug|Any CPU.ActiveCfg = Debug|Any CPU
		{E0DAA1C2-2970-4154-AEFD-9C89F14CBCC4}.Debug|Any CPU.Build.0 = Debug|Any CPU
		{E0DAA1C2-2970-4154-AEFD-9C89F14CBCC4}.Release|Any CPU.ActiveCfg = Release|Any CPU
		{E0DAA1C2-2970-4154-AEFD-9C89F14CBCC4}.Release|Any CPU.Build.0 = Release|Any CPU
	EndGlobalSection
	GlobalSection(SolutionProperties) = preSolution
		HideSolutionNode = FALSE
	EndGlobalSection
EndGlobal
